
Microsoft Visual Studio Solution File, Format Version 12.00
Project("{FAE04EC0-301F-11D3-BF4B-00C04F79EFBC}") = "MiniOrderApp", "MiniOrderApp\MiniOrderApp.csproj", "{4626FF91-FA9E-424D-9DA7-6019C8FAE910}"
EndProject
Global
	GlobalSection(SolutionConfigurationPlatforms) = preSolution
		Debug|Any CPU = Debug|Any CPU
		Release|Any CPU = Release|Any CPU
	EndGlobalSection
	GlobalSection(ProjectConfigurationPlatforms) = postSolution
		{4626FF91-FA9E-424D-9DA7-6019C8FAE910}.Debug|Any CPU.ActiveCfg = Debug|Any CPU
		{4626FF91-FA9E-424D-9DA7-6019C8FAE910}.Debug|Any CPU.Build.0 = Debug|Any CPU
		{4626FF91-FA9E-424D-9DA7-6019C8FAE910}.Release|Any CPU.ActiveCfg = Release|Any CPU
		{4626FF91-FA9E-424D-9DA7-6019C8FAE910}.Release|Any CPU.Build.0 = Release|Any CPU
	EndGlobalSection
EndGlobal
